
Microsoft Visual Studio Solution File, Format Version 12.00
# Visual Studio Version 16
VisualStudioVersion = 16.0.30114.128
MinimumVisualStudioVersion = 10.0.40219.1
Project("{FAE04EC0-301F-11D3-BF4B-00C04F79EFBC}") = "AuthenticationDemo", "AuthenticationDemo.csproj", "{35024B4F-EF23-4AA0-949A-9603E79E7721}"
EndProject
Project("{FAE04EC0-301F-11D3-BF4B-00C04F79EFBC}") = "Employee", "Employee\Employee.csproj", "{0C1A37AF-182A-4139-A46F-47D32FC17CF2}"
EndProject
Global
	GlobalSection(SolutionConfigurationPlatforms) = preSolution
		Debug|Any CPU = Debug|Any CPU
		Release|Any CPU = Release|Any CPU
	EndGlobalSection
	GlobalSection(ProjectConfigurationPlatforms) = postSolution
		{35024B4F-EF23-4AA0-949A-9603E79E7721}.Debug|Any CPU.ActiveCfg = Debug|Any CPU
		{35024B4F-EF23-4AA0-949A-9603E79E7721}.Debug|Any CPU.Build.0 = Debug|Any CPU
		{35024B4F-EF23-4AA0-949A-9603E79E7721}.Release|Any CPU.ActiveCfg = Release|Any CPU
		{35024B4F-EF23-4AA0-949A-9603E79E7721}.Release|Any CPU.Build.0 = Release|Any CPU
		{0C1A37AF-182A-4139-A46F-47D32FC17CF2}.Debug|Any CPU.ActiveCfg = Debug|Any CPU
		{0C1A37AF-182A-4139-A46F-47D32FC17CF2}.Debug|Any CPU.Build.0 = Debug|Any CPU
		{0C1A37AF-182A-4139-A46F-47D32FC17CF2}.Release|Any CPU.ActiveCfg = Release|Any CPU
		{0C1A37AF-182A-4139-A46F-47D32FC17CF2}.Release|Any CPU.Build.0 = Release|Any CPU
	EndGlobalSection
	GlobalSection(SolutionProperties) = preSolution
		HideSolutionNode = FALSE
	EndGlobalSection
	GlobalSection(ExtensibilityGlobals) = postSolution
		SolutionGuid = {65EAB64C-468D-4246-B329-D5EFB5CC5EE9}
	EndGlobalSection
EndGlobal
